{
    "_readme": [
        "This file locks the dependencies of your project to a known state",
        "Read more about it at https://getcomposer.org/doc/01-basic-usage.md#installing-dependencies",
        "This file is @generated automatically"
    ],
    "content-hash": "fca498052306e6cd5c7ca896c0da12d4",
    "packages": [
        {
            "name": "spatie/pdf-to-image",
            "version": "1.8.1",
            "source": {
                "type": "git",
                "url": "https://github.com/spatie/pdf-to-image.git",
                "reference": "f33afc92ff7bff272fa6a9ba1cc335e96c57eb26"
            },
            "dist": {
                "type": "zip",
                "url": "https://api.github.com/repos/spatie/pdf-to-image/zipball/f33afc92ff7bff272fa6a9ba1cc335e96c57eb26",
                "reference": "f33afc92ff7bff272fa6a9ba1cc335e96c57eb26",
                "shasum": ""
            },
            "require": {
                "ext-imagick": "*",
                "php": "^7.0"
            },
            "require-dev": {
                "phpunit/phpunit": "^6.2"
            },
            "type": "library",
            "autoload": {
                "psr-4": {
                    "Spatie\\PdfToImage\\": "src"
                }
            },
            "notification-url": "https://packagist.org/downloads/",
            "license": [
                "MIT"
            ],
            "authors": [
                {
                    "name": "Freek Van der Herten",
                    "email": "freek@spatie.be",
                    "homepage": "https://spatie.be",
                    "role": "Developer"
                }
            ],
            "description": "Convert a pdf to an image",
            "homepage": "https://github.com/spatie/pdf-to-image",
            "keywords": [
                "convert",
                "image",
                "pdf",
                "pdf-to-image",
                "spatie"
            ],
            "time": "2018-07-02T09:30:32+00:00"
        },
        {
            "name": "thiagoalessio/tesseract_ocr",
            "version": "2.4.0",
            "source": {
                "type": "git",
                "url": "https://github.com/thiagoalessio/tesseract-ocr-for-php.git",
                "reference": "a8b7a9ba7919e683b9915668f3d0d67ebba6d266"
            },
            "dist": {
                "type": "zip",
                "url": "https://api.github.com/repos/thiagoalessio/tesseract-ocr-for-php/zipball/a8b7a9ba7919e683b9915668f3d0d67ebba6d266",
                "reference": "a8b7a9ba7919e683b9915668f3d0d67ebba6d266",
                "shasum": ""
            },
            "require": {
                "php": "^5.6 || ^7.0"
            },
            "require-dev": {
                "codacy/coverage": "dev-master",
                "phpunit/php-code-coverage": "^4.0.8"
            },
            "type": "library",
            "autoload": {
                "psr-4": {
                    "thiagoalessio\\TesseractOCR\\": "src/"
                }
            },
            "notification-url": "https://packagist.org/downloads/",
            "license": [
                "MIT"
            ],
            "authors": [
                {
                    "name": "thiagoalessio",
                    "email": "thiagoalessio@me.com"
                }
            ],
            "description": "A wrapper to work with Tesseract OCR inside PHP.",
            "keywords": [
                "OCR",
                "Tesseract",
                "text recognition"
            ],
            "time": "2018-05-11T14:22:47+00:00"
        }
    ],
    "packages-dev": [],
    "aliases": [],
    "minimum-stability": "stable",
    "stability-flags": [],
    "prefer-stable": false,
    "prefer-lowest": false,
    "platform": [],
    "platform-dev": [],
    "plugin-api-version": "1.1.0"
}
