{
    "_readme": [
        "This file locks the dependencies of your project to a known state",
        "Read more about it at https://getcomposer.org/doc/01-basic-usage.md#installing-dependencies",
        "This file is @generated automatically"
    ],
    "content-hash": "9a9b8a3f9010a1bb499b3f3c6e70032b",
    "packages": [
        {
            "name": "spatie/pdf-to-image",
            "version": "3.1.0",
            "source": {
                "type": "git",
                "url": "https://github.com/spatie/pdf-to-image.git",
                "reference": "acc31c5236180e475c09c1a5c68412876f0bd89a"
            },
            "dist": {
                "type": "zip",
                "url": "https://api.github.com/repos/spatie/pdf-to-image/zipball/acc31c5236180e475c09c1a5c68412876f0bd89a",
                "reference": "acc31c5236180e475c09c1a5c68412876f0bd89a",
                "shasum": ""
            },
            "require": {
                "ext-imagick": "*",
                "php": "^8.2"
            },
            "require-dev": {
                "pestphp/pest": "^2.34"
            },
            "type": "library",
            "autoload": {
                "psr-4": {
                    "Spatie\\PdfToImage\\": "src"
                }
            },
            "notification-url": "https://packagist.org/downloads/",
            "license": [
                "MIT"
            ],
            "authors": [
                {
                    "name": "Freek Van der Herten",
                    "email": "freek@spatie.be",
                    "homepage": "https://spatie.be",
                    "role": "Developer"
                },
                {
                    "name": "Patrick Organ",
                    "email": "patrick@permafrost.dev",
                    "homepage": "https://permafrost.dev",
                    "role": "Developer"
                }
            ],
            "description": "Convert a pdf to an image",
            "homepage": "https://github.com/spatie/pdf-to-image",
            "keywords": [
                "convert",
                "image",
                "pdf",
                "pdf-to-image",
                "spatie"
            ],
            "support": {
                "issues": "https://github.com/spatie/pdf-to-image/issues",
                "source": "https://github.com/spatie/pdf-to-image/tree/3.1.0"
            },
            "funding": [
                {
                    "url": "https://spatie.be/open-source/support-us",
                    "type": "custom"
                },
                {
                    "url": "https://github.com/spatie",
                    "type": "github"
                }
            ],
            "time": "2024-09-14T17:02:32+00:00"
        },
        {
            "name": "thiagoalessio/tesseract_ocr",
            "version": "2.13.0",
            "source": {
                "type": "git",
                "url": "https://github.com/thiagoalessio/tesseract-ocr-for-php.git",
                "reference": "232a8cb9d571992f9bd1e263f2f6909cf6c173a1"
            },
            "dist": {
                "type": "zip",
                "url": "https://api.github.com/repos/thiagoalessio/tesseract-ocr-for-php/zipball/232a8cb9d571992f9bd1e263f2f6909cf6c173a1",
                "reference": "232a8cb9d571992f9bd1e263f2f6909cf6c173a1",
                "shasum": ""
            },
            "require": {
                "php": "^5.3 || ^7.0 || ^8.0"
            },
            "require-dev": {
                "phpunit/php-code-coverage": "^2.2.4 || ^9.0.0"
            },
            "type": "library",
            "autoload": {
                "psr-4": {
                    "thiagoalessio\\TesseractOCR\\": "src/"
                }
            },
            "notification-url": "https://packagist.org/downloads/",
            "license": [
                "MIT"
            ],
            "authors": [
                {
                    "name": "thiagoalessio",
                    "email": "thiagoalessio@me.com"
                }
            ],
            "description": "A wrapper to work with Tesseract OCR inside PHP.",
            "keywords": [
                "OCR",
                "Tesseract",
                "text recognition"
            ],
            "support": {
                "irc": "irc://irc.freenode.net/tesseract-ocr-for-php",
                "issues": "https://github.com/thiagoalessio/tesseract-ocr-for-php/issues",
                "source": "https://github.com/thiagoalessio/tesseract-ocr-for-php"
            },
            "time": "2023-10-05T21:14:48+00:00"
        }
    ],
    "packages-dev": [],
    "aliases": [],
    "minimum-stability": "stable",
    "stability-flags": [],
    "prefer-stable": false,
    "prefer-lowest": false,
    "platform": [],
    "platform-dev": [],
    "plugin-api-version": "2.6.0"
}
